schema_version: "1.0"
generated_at: "2026-08-13T21:36:00+08:00"

base_images:
  micromamba:
    reference: "mambaorg/micromamba:2.9.0"
    digest: "sha256:b62ed0c54940e3c801642d72ba7d2462f06356c378eba92d603d39f2ce5e4a0d"

tools:
  ambertools: "24.8"
  autodock_vina: "1.2.7"
  boltz: "2.2.1"
  fpocket: "4.2.3"
  gromacs: "2025.4"
  meeko: "0.7.1"
  parmed: "4.3.1"
  qvina: "2.1.0"

images:
  production:
    tag: "airti-tf:0.1.0-gpu"
    digest: "sha256:c8085c3ff5bd1080aaa4b4d291a0112fb2612d09969f7d982ebf30eda74520a9"
    size_bytes: 16815059528
    source_revision: "aa357690fc3db65aac26e5940246584b7804fd6b"
    sbom: "docs/sbom/airti-tf-0.1.0-gpu.spdx.json"
    sbom_sha256: "f619f87fc643454dee4e7767aef924e4cdb12605f2b810ccffae769afd251948"
    sbom_generator: "anchore/syft:v1.50.0@sha256:1288ea4c8b38767b4e620c1e312c8cb26b6e887a99b4f07ab6cd19fc6f225026"
    smoke_status: passed
    smoke_hardware: "NVIDIA GeForce RTX 4090 (48507 MiB)"
